
Microsoft Visual Studio Solution File, Format Version 12.00
# Visual Studio Version 17
VisualStudioVersion = 17.0.32126.317
MinimumVisualStudioVersion = 10.0.40219.1
Project("{FAE04EC0-301F-11D3-BF4B-00C04F79EFBC}") = "Soccer Ranking", "Soccer Ranking\Soccer Ranking.csproj", "{657B9FB2-BE8B-4C63-831A-095DCE8D52B7}"
EndProject
Global
	GlobalSection(SolutionConfigurationPlatforms) = preSolution
		Debug|Any CPU = Debug|Any CPU
		Release|Any CPU = Release|Any CPU
	EndGlobalSection
	GlobalSection(ProjectConfigurationPlatforms) = postSolution
		{657B9FB2-BE8B-4C63-831A-095DCE8D52B7}.Debug|Any CPU.ActiveCfg = Debug|Any CPU
		{657B9FB2-BE8B-4C63-831A-095DCE8D52B7}.Debug|Any CPU.Build.0 = Debug|Any CPU
		{657B9FB2-BE8B-4C63-831A-095DCE8D52B7}.Release|Any CPU.ActiveCfg = Release|Any CPU
		{657B9FB2-BE8B-4C63-831A-095DCE8D52B7}.Release|Any CPU.Build.0 = Release|Any CPU
	EndGlobalSection
	GlobalSection(SolutionProperties) = preSolution
		HideSolutionNode = FALSE
	EndGlobalSection
	GlobalSection(ExtensibilityGlobals) = postSolution
		SolutionGuid = {609AF0E8-4E4F-4604-AF5F-6FF6F29FB90D}
	EndGlobalSection
EndGlobal
