
Microsoft Visual Studio Solution File, Format Version 12.00
# Visual Studio Version 17
VisualStudioVersion = 17.7.34031.279
MinimumVisualStudioVersion = 10.0.40219.1
Project("{FAE04EC0-301F-11D3-BF4B-00C04F79EFBC}") = "GzipAndCrypt", "GzipAndCrypt\GzipAndCrypt.csproj", "{D1C16EFF-A9FF-42AA-BA35-298AB75266A3}"
EndProject
Project("{FAE04EC0-301F-11D3-BF4B-00C04F79EFBC}") = "GzipAndCrypt.Facts", "GzipAndCrypt.Facts\GzipAndCrypt.Facts.csproj", "{5AAB4897-F03F-4B3A-8970-CB18F8F2C64C}"
	ProjectSection(ProjectDependencies) = postProject
		{D1C16EFF-A9FF-42AA-BA35-298AB75266A3} = {D1C16EFF-A9FF-42AA-BA35-298AB75266A3}
	EndProjectSection
EndProject
Global
	GlobalSection(SolutionConfigurationPlatforms) = preSolution
		Debug|Any CPU = Debug|Any CPU
		Release|Any CPU = Release|Any CPU
	EndGlobalSection
	GlobalSection(ProjectConfigurationPlatforms) = postSolution
		{D1C16EFF-A9FF-42AA-BA35-298AB75266A3}.Debug|Any CPU.ActiveCfg = Debug|Any CPU
		{D1C16EFF-A9FF-42AA-BA35-298AB75266A3}.Debug|Any CPU.Build.0 = Debug|Any CPU
		{D1C16EFF-A9FF-42AA-BA35-298AB75266A3}.Release|Any CPU.ActiveCfg = Release|Any CPU
		{D1C16EFF-A9FF-42AA-BA35-298AB75266A3}.Release|Any CPU.Build.0 = Release|Any CPU
		{5AAB4897-F03F-4B3A-8970-CB18F8F2C64C}.Debug|Any CPU.ActiveCfg = Debug|Any CPU
		{5AAB4897-F03F-4B3A-8970-CB18F8F2C64C}.Debug|Any CPU.Build.0 = Debug|Any CPU
		{5AAB4897-F03F-4B3A-8970-CB18F8F2C64C}.Release|Any CPU.ActiveCfg = Release|Any CPU
		{5AAB4897-F03F-4B3A-8970-CB18F8F2C64C}.Release|Any CPU.Build.0 = Release|Any CPU
	EndGlobalSection
	GlobalSection(SolutionProperties) = preSolution
		HideSolutionNode = FALSE
	EndGlobalSection
	GlobalSection(ExtensibilityGlobals) = postSolution
		SolutionGuid = {1849F8ED-9AF3-4AB9-B2EC-C7F4DFD9DA75}
	EndGlobalSection
EndGlobal
