
Microsoft Visual Studio Solution File, Format Version 12.00
# Visual Studio Version 17
VisualStudioVersion = 17.13.35828.75 d17.13
MinimumVisualStudioVersion = 10.0.40219.1
Project("{FAE04EC0-301F-11D3-BF4B-00C04F79EFBC}") = "GzipAndCrypt", "GzipAndCrypt\GzipAndCrypt.csproj", "{09EF9B78-CDC4-4150-BCFF-E5E8E29EF260}"
EndProject
Project("{FAE04EC0-301F-11D3-BF4B-00C04F79EFBC}") = "GzipAndCryptTests", "GzipAndCryptTests\GzipAndCryptTests.csproj", "{7DCE4EDF-E5F3-4D63-8407-FA65793B3579}"
	ProjectSection(ProjectDependencies) = postProject
		{09EF9B78-CDC4-4150-BCFF-E5E8E29EF260} = {09EF9B78-CDC4-4150-BCFF-E5E8E29EF260}
	EndProjectSection
EndProject
Global
	GlobalSection(SolutionConfigurationPlatforms) = preSolution
		Debug|Any CPU = Debug|Any CPU
		Release|Any CPU = Release|Any CPU
	EndGlobalSection
	GlobalSection(ProjectConfigurationPlatforms) = postSolution
		{09EF9B78-CDC4-4150-BCFF-E5E8E29EF260}.Debug|Any CPU.ActiveCfg = Debug|Any CPU
		{09EF9B78-CDC4-4150-BCFF-E5E8E29EF260}.Debug|Any CPU.Build.0 = Debug|Any CPU
		{09EF9B78-CDC4-4150-BCFF-E5E8E29EF260}.Release|Any CPU.ActiveCfg = Release|Any CPU
		{09EF9B78-CDC4-4150-BCFF-E5E8E29EF260}.Release|Any CPU.Build.0 = Release|Any CPU
		{7DCE4EDF-E5F3-4D63-8407-FA65793B3579}.Debug|Any CPU.ActiveCfg = Debug|Any CPU
		{7DCE4EDF-E5F3-4D63-8407-FA65793B3579}.Debug|Any CPU.Build.0 = Debug|Any CPU
		{7DCE4EDF-E5F3-4D63-8407-FA65793B3579}.Release|Any CPU.ActiveCfg = Release|Any CPU
		{7DCE4EDF-E5F3-4D63-8407-FA65793B3579}.Release|Any CPU.Build.0 = Release|Any CPU
	EndGlobalSection
	GlobalSection(SolutionProperties) = preSolution
		HideSolutionNode = FALSE
	EndGlobalSection
	GlobalSection(ExtensibilityGlobals) = postSolution
		SolutionGuid = {EC53EC1F-4E45-4575-A472-B6EC1DC5BC5C}
	EndGlobalSection
EndGlobal
