
Microsoft Visual Studio Solution File, Format Version 12.00
# Visual Studio Version 17
VisualStudioVersion = 17.0.32126.317
MinimumVisualStudioVersion = 10.0.40219.1
Project("{FAE04EC0-301F-11D3-BF4B-00C04F79EFBC}") = "ArgumentsValidator", "ArgumentsValidator\ArgumentsValidator.csproj", "{3EF77165-FD8C-4071-B90C-500ECD67C23C}"
EndProject
Project("{FAE04EC0-301F-11D3-BF4B-00C04F79EFBC}") = "ArgumentsFacts", "ArgumentsFacts\ArgumentsFacts.csproj", "{FB33F39F-FE9B-4BA6-B893-07B50A20E120}"
EndProject
Global
	GlobalSection(SolutionConfigurationPlatforms) = preSolution
		Debug|Any CPU = Debug|Any CPU
		Release|Any CPU = Release|Any CPU
	EndGlobalSection
	GlobalSection(ProjectConfigurationPlatforms) = postSolution
		{3EF77165-FD8C-4071-B90C-500ECD67C23C}.Debug|Any CPU.ActiveCfg = Debug|Any CPU
		{3EF77165-FD8C-4071-B90C-500ECD67C23C}.Debug|Any CPU.Build.0 = Debug|Any CPU
		{3EF77165-FD8C-4071-B90C-500ECD67C23C}.Release|Any CPU.ActiveCfg = Release|Any CPU
		{3EF77165-FD8C-4071-B90C-500ECD67C23C}.Release|Any CPU.Build.0 = Release|Any CPU
		{FB33F39F-FE9B-4BA6-B893-07B50A20E120}.Debug|Any CPU.ActiveCfg = Debug|Any CPU
		{FB33F39F-FE9B-4BA6-B893-07B50A20E120}.Debug|Any CPU.Build.0 = Debug|Any CPU
		{FB33F39F-FE9B-4BA6-B893-07B50A20E120}.Release|Any CPU.ActiveCfg = Release|Any CPU
		{FB33F39F-FE9B-4BA6-B893-07B50A20E120}.Release|Any CPU.Build.0 = Release|Any CPU
	EndGlobalSection
	GlobalSection(SolutionProperties) = preSolution
		HideSolutionNode = FALSE
	EndGlobalSection
	GlobalSection(ExtensibilityGlobals) = postSolution
		SolutionGuid = {85ED2CB4-1A72-43F7-BECE-EB633715F2FF}
	EndGlobalSection
EndGlobal
